
Microsoft Visual Studio Solution File, Format Version 12.00
# Visual Studio Version 17
VisualStudioVersion = 17.11.35219.272
MinimumVisualStudioVersion = 10.0.40219.1
Project("{FAE04EC0-301F-11D3-BF4B-00C04F79EFBC}") = "MayneFaniWindowsForm", "MayneFaniWindowsForm\MayneFaniWindowsForm.csproj", "{632F0108-4D7C-4A5E-9280-09B6C8A86E44}"
EndProject
Global
	GlobalSection(SolutionConfigurationPlatforms) = preSolution
		Debug|Any CPU = Debug|Any CPU
		Release|Any CPU = Release|Any CPU
	EndGlobalSection
	GlobalSection(ProjectConfigurationPlatforms) = postSolution
		{632F0108-4D7C-4A5E-9280-09B6C8A86E44}.Debug|Any CPU.ActiveCfg = Debug|Any CPU
		{632F0108-4D7C-4A5E-9280-09B6C8A86E44}.Debug|Any CPU.Build.0 = Debug|Any CPU
		{632F0108-4D7C-4A5E-9280-09B6C8A86E44}.Release|Any CPU.ActiveCfg = Release|Any CPU
		{632F0108-4D7C-4A5E-9280-09B6C8A86E44}.Release|Any CPU.Build.0 = Release|Any CPU
	EndGlobalSection
	GlobalSection(SolutionProperties) = preSolution
		HideSolutionNode = FALSE
	EndGlobalSection
	GlobalSection(ExtensibilityGlobals) = postSolution
		SolutionGuid = {6D3D0634-EF9A-4D19-B868-CC92B56EF97E}
	EndGlobalSection
EndGlobal
